// !$*UTF8*$!
{
	archiveVersion = 1;
	classes = {
	};
	objectVersion = 55;
	objects = {

/* Begin PBXBuildFile section */
		C414B553290B149600664696 /* MainTabBarController.swift in Sources */ = {isa = PBXBuildFile; fileRef = C414B552290B149600664696 /* MainTabBarController.swift */; };
		C417B1CE290DF7F9001C5F63 /* R.generated.swift in Sources */ = {isa = PBXBuildFile; fileRef = C417B1CD290DF7F9001C5F63 /* R.generated.swift */; };
		C417B1D1290DFA9B001C5F63 /* Project.swift in Sources */ = {isa = PBXBuildFile; fileRef = C417B1D0290DFA9B001C5F63 /* Project.swift */; };
		C42D19AB2934E44B00624B91 /* CreateNewRequestFooterCollectionView.swift in Sources */ = {isa = PBXBuildFile; fileRef = C42D19AA2934E44B00624B91 /* CreateNewRequestFooterCollectionView.swift */; };
		C42D19AD2934F3B700624B91 /* CreateNewRequestCollectionViewCell.swift in Sources */ = {isa = PBXBuildFile; fileRef = C42D19AC2934F3B700624B91 /* CreateNewRequestCollectionViewCell.swift */; };
		C44F6213291E7466006818C6 /* QuickRequestTableViewHeader.swift in Sources */ = {isa = PBXBuildFile; fileRef = C44F6212291E7466006818C6 /* QuickRequestTableViewHeader.swift */; };
		C44F6215291E77D9006818C6 /* Global.swift in Sources */ = {isa = PBXBuildFile; fileRef = C44F6214291E77D9006818C6 /* Global.swift */; };
		C4724ABD290DAA1900775C22 /* ProjectsModel.swift in Sources */ = {isa = PBXBuildFile; fileRef = C4724ABC290DAA1900775C22 /* ProjectsModel.swift */; };
		C4724AC5290DBC6400775C22 /* ProjectsTavleViewCell.swift in Sources */ = {isa = PBXBuildFile; fileRef = C4724AC4290DBC6400775C22 /* ProjectsTavleViewCell.swift */; };
		C4724AC8290DF1B200775C22 /* Colors.xcassets in Resources */ = {isa = PBXBuildFile; fileRef = C4724AC7290DF1B200775C22 /* Colors.xcassets */; };
		C486F1CD290AB86E00398DDE /* AppDelegate.swift in Sources */ = {isa = PBXBuildFile; fileRef = C486F1CC290AB86E00398DDE /* AppDelegate.swift */; };
		C486F1CF290AB86E00398DDE /* SceneDelegate.swift in Sources */ = {isa = PBXBuildFile; fileRef = C486F1CE290AB86E00398DDE /* SceneDelegate.swift */; };
		C486F1D6290AB86F00398DDE /* Assets.xcassets in Resources */ = {isa = PBXBuildFile; fileRef = C486F1D5290AB86F00398DDE /* Assets.xcassets */; };
		C486F1D9290AB86F00398DDE /* LaunchScreen.storyboard in Resources */ = {isa = PBXBuildFile; fileRef = C486F1D7290AB86F00398DDE /* LaunchScreen.storyboard */; };
		C487FA7B292BD5B100C9805E /* CreateNewRequestAnotherHeadersCollectionView.swift in Sources */ = {isa = PBXBuildFile; fileRef = C487FA7A292BD5B100C9805E /* CreateNewRequestAnotherHeadersCollectionView.swift */; };
		C4C093F2292101DF001FD2AE /* CreateNewQuickRequestViewController.swift in Sources */ = {isa = PBXBuildFile; fileRef = C4C093F1292101DF001FD2AE /* CreateNewQuickRequestViewController.swift */; };
		C4C093F429211B65001FD2AE /* CreateNewRequestStartHeaderCollectionView.swift in Sources */ = {isa = PBXBuildFile; fileRef = C4C093F329211B65001FD2AE /* CreateNewRequestStartHeaderCollectionView.swift */; };
		C4F8976A29199E340053AF6F /* QuickRequestsTableViewCell.swift in Sources */ = {isa = PBXBuildFile; fileRef = C4F8976929199E340053AF6F /* QuickRequestsTableViewCell.swift */; };
		C4FEE949290BFEF3000DAEE5 /* SettingsViewController.swift in Sources */ = {isa = PBXBuildFile; fileRef = C4FEE948290BFEF3000DAEE5 /* SettingsViewController.swift */; };
		C4FEE94B290BFF6B000DAEE5 /* ProjectsViewController.swift in Sources */ = {isa = PBXBuildFile; fileRef = C4FEE94A290BFF6B000DAEE5 /* ProjectsViewController.swift */; };
		C4FEE94D290BFFB1000DAEE5 /* QuickRequestsViewController.swift in Sources */ = {isa = PBXBuildFile; fileRef = C4FEE94C290BFFB1000DAEE5 /* QuickRequestsViewController.swift */; };
		C5E133EAB5CA75A5DB4FA2DD /* Pods_HTTPRequester.framework in Frameworks */ = {isa = PBXBuildFile; fileRef = 92C3A55BAA6D9AF84E77E448 /* Pods_HTTPRequester.framework */; };
/* End PBXBuildFile section */

/* Begin PBXFileReference section */
		0E7861C9EA7442D0917A35F1 /* Pods-HTTPRequester.debug.xcconfig */ = {isa = PBXFileReference; includeInIndex = 1; lastKnownFileType = text.xcconfig; name = "Pods-HTTPRequester.debug.xcconfig"; path = "Target Support Files/Pods-HTTPRequester/Pods-HTTPRequester.debug.xcconfig"; sourceTree = "<group>"; };
		92C3A55BAA6D9AF84E77E448 /* Pods_HTTPRequester.framework */ = {isa = PBXFileReference; explicitFileType = wrapper.framework; includeInIndex = 0; path = Pods_HTTPRequester.framework; sourceTree = BUILT_PRODUCTS_DIR; };
		C414B552290B149600664696 /* MainTabBarController.swift */ = {isa = PBXFileReference; lastKnownFileType = sourcecode.swift; path = MainTabBarController.swift; sourceTree = "<group>"; };
		C417B1CD290DF7F9001C5F63 /* R.generated.swift */ = {isa = PBXFileReference; fileEncoding = 4; lastKnownFileType = sourcecode.swift; path = R.generated.swift; sourceTree = "<group>"; };
		C417B1D0290DFA9B001C5F63 /* Project.swift */ = {isa = PBXFileReference; lastKnownFileType = sourcecode.swift; path = Project.swift; sourceTree = "<group>"; };
		C42D19AA2934E44B00624B91 /* CreateNewRequestFooterCollectionView.swift */ = {isa = PBXFileReference; lastKnownFileType = sourcecode.swift; path = CreateNewRequestFooterCollectionView.swift; sourceTree = "<group>"; };
		C42D19AC2934F3B700624B91 /* CreateNewRequestCollectionViewCell.swift */ = {isa = PBXFileReference; lastKnownFileType = sourcecode.swift; path = CreateNewRequestCollectionViewCell.swift; sourceTree = "<group>"; };
		C44F6212291E7466006818C6 /* QuickRequestTableViewHeader.swift */ = {isa = PBXFileReference; lastKnownFileType = sourcecode.swift; path = QuickRequestTableViewHeader.swift; sourceTree = "<group>"; };
		C44F6214291E77D9006818C6 /* Global.swift */ = {isa = PBXFileReference; lastKnownFileType = sourcecode.swift; path = Global.swift; sourceTree = "<group>"; };
		C4724ABC290DAA1900775C22 /* ProjectsModel.swift */ = {isa = PBXFileReference; lastKnownFileType = sourcecode.swift; path = ProjectsModel.swift; sourceTree = "<group>"; };
		C4724AC4290DBC6400775C22 /* ProjectsTavleViewCell.swift */ = {isa = PBXFileReference; lastKnownFileType = sourcecode.swift; path = ProjectsTavleViewCell.swift; sourceTree = "<group>"; };
		C4724AC7290DF1B200775C22 /* Colors.xcassets */ = {isa = PBXFileReference; lastKnownFileType = folder.assetcatalog; path = Colors.xcassets; sourceTree = "<group>"; };
		C486F1C9290AB86E00398DDE /* HTTPRequester.app */ = {isa = PBXFileReference; explicitFileType = wrapper.application; includeInIndex = 0; path = HTTPRequester.app; sourceTree = BUILT_PRODUCTS_DIR; };
		C486F1CC290AB86E00398DDE /* AppDelegate.swift */ = {isa = PBXFileReference; lastKnownFileType = sourcecode.swift; path = AppDelegate.swift; sourceTree = "<group>"; };
		C486F1CE290AB86E00398DDE /* SceneDelegate.swift */ = {isa = PBXFileReference; lastKnownFileType = sourcecode.swift; path = SceneDelegate.swift; sourceTree = "<group>"; };
		C486F1D5290AB86F00398DDE /* Assets.xcassets */ = {isa = PBXFileReference; lastKnownFileType = folder.assetcatalog; path = Assets.xcassets; sourceTree = "<group>"; };
		C486F1D8290AB86F00398DDE /* Base */ = {isa = PBXFileReference; lastKnownFileType = file.storyboard; name = Base; path = Base.lproj/LaunchScreen.storyboard; sourceTree = "<group>"; };
		C486F1DA290AB86F00398DDE /* Info.plist */ = {isa = PBXFileReference; lastKnownFileType = text.plist.xml; path = Info.plist; sourceTree = "<group>"; };
		C487FA7A292BD5B100C9805E /* CreateNewRequestAnotherHeadersCollectionView.swift */ = {isa = PBXFileReference; lastKnownFileType = sourcecode.swift; path = CreateNewRequestAnotherHeadersCollectionView.swift; sourceTree = "<group>"; };
		C4C093F1292101DF001FD2AE /* CreateNewQuickRequestViewController.swift */ = {isa = PBXFileReference; lastKnownFileType = sourcecode.swift; path = CreateNewQuickRequestViewController.swift; sourceTree = "<group>"; };
		C4C093F329211B65001FD2AE /* CreateNewRequestStartHeaderCollectionView.swift */ = {isa = PBXFileReference; lastKnownFileType = sourcecode.swift; path = CreateNewRequestStartHeaderCollectionView.swift; sourceTree = "<group>"; };
		C4F8976929199E340053AF6F /* QuickRequestsTableViewCell.swift */ = {isa = PBXFileReference; lastKnownFileType = sourcecode.swift; path = QuickRequestsTableViewCell.swift; sourceTree = "<group>"; };
		C4FEE948290BFEF3000DAEE5 /* SettingsViewController.swift */ = {isa = PBXFileReference; lastKnownFileType = sourcecode.swift; path = SettingsViewController.swift; sourceTree = "<group>"; };
		C4FEE94A290BFF6B000DAEE5 /* ProjectsViewController.swift */ = {isa = PBXFileReference; lastKnownFileType = sourcecode.swift; path = ProjectsViewController.swift; sourceTree = "<group>"; wrapsLines = 0; };
		C4FEE94C290BFFB1000DAEE5 /* QuickRequestsViewController.swift */ = {isa = PBXFileReference; lastKnownFileType = sourcecode.swift; path = QuickRequestsViewController.swift; sourceTree = "<group>"; };
		E180363A8496B1981AFDBA80 /* Pods-HTTPRequester.release.xcconfig */ = {isa = PBXFileReference; includeInIndex = 1; lastKnownFileType = text.xcconfig; name = "Pods-HTTPRequester.release.xcconfig"; path = "Target Support Files/Pods-HTTPRequester/Pods-HTTPRequester.release.xcconfig"; sourceTree = "<group>"; };
/* End PBXFileReference section */

/* Begin PBXFrameworksBuildPhase section */
		C486F1C6290AB86E00398DDE /* Frameworks */ = {
			isa = PBXFrameworksBuildPhase;
			buildActionMask = 2147483647;
			files = (
				C5E133EAB5CA75A5DB4FA2DD /* Pods_HTTPRequester.framework in Frameworks */,
			);
			runOnlyForDeploymentPostprocessing = 0;
		};
/* End PBXFrameworksBuildPhase section */

/* Begin PBXGroup section */
		757089821E02CBF358B8E38D /* Pods */ = {
			isa = PBXGroup;
			children = (
				0E7861C9EA7442D0917A35F1 /* Pods-HTTPRequester.debug.xcconfig */,
				E180363A8496B1981AFDBA80 /* Pods-HTTPRequester.release.xcconfig */,
			);
			path = Pods;
			sourceTree = "<group>";
		};
		C417B1CF290DFA83001C5F63 /* Entitys */ = {
			isa = PBXGroup;
			children = (
				C417B1D0290DFA9B001C5F63 /* Project.swift */,
			);
			path = Entitys;
			sourceTree = "<group>";
		};
		C4724ABE290DBB9000775C22 /* Projects */ = {
			isa = PBXGroup;
			children = (
				C4724AC6290DC06B00775C22 /* Views */,
				C4724AC2290DBBF200775C22 /* ViewControllers */,
			);
			path = Projects;
			sourceTree = "<group>";
		};
		C4724AC2290DBBF200775C22 /* ViewControllers */ = {
			isa = PBXGroup;
			children = (
				C4724ABC290DAA1900775C22 /* ProjectsModel.swift */,
				C4FEE94A290BFF6B000DAEE5 /* ProjectsViewController.swift */,
			);
			path = ViewControllers;
			sourceTree = "<group>";
		};
		C4724AC6290DC06B00775C22 /* Views */ = {
			isa = PBXGroup;
			children = (
				C4724AC4290DBC6400775C22 /* ProjectsTavleViewCell.swift */,
			);
			path = Views;
			sourceTree = "<group>";
		};
		C486F1C0290AB86E00398DDE = {
			isa = PBXGroup;
			children = (
				C417B1CD290DF7F9001C5F63 /* R.generated.swift */,
				C486F1CB290AB86E00398DDE /* HTTPRequester */,
				C486F1CA290AB86E00398DDE /* Products */,
				757089821E02CBF358B8E38D /* Pods */,
				F10DD9ACD6FE89EBAEEAF914 /* Frameworks */,
			);
			sourceTree = "<group>";
		};
		C486F1CA290AB86E00398DDE /* Products */ = {
			isa = PBXGroup;
			children = (
				C486F1C9290AB86E00398DDE /* HTTPRequester.app */,
			);
			name = Products;
			sourceTree = "<group>";
		};
		C486F1CB290AB86E00398DDE /* HTTPRequester */ = {
			isa = PBXGroup;
			children = (
				C4F8976629199B4C0053AF6F /* QuickRequests */,
				C417B1CF290DFA83001C5F63 /* Entitys */,
				C4FEE94E290C34D3000DAEE5 /* TabBarItems */,
				C4724ABE290DBB9000775C22 /* Projects */,
				C486F1CC290AB86E00398DDE /* AppDelegate.swift */,
				C486F1CE290AB86E00398DDE /* SceneDelegate.swift */,
				C414B552290B149600664696 /* MainTabBarController.swift */,
				C486F1D5290AB86F00398DDE /* Assets.xcassets */,
				C486F1D7290AB86F00398DDE /* LaunchScreen.storyboard */,
				C486F1DA290AB86F00398DDE /* Info.plist */,
				C4724AC7290DF1B200775C22 /* Colors.xcassets */,
				C44F6214291E77D9006818C6 /* Global.swift */,
			);
			path = HTTPRequester;
			sourceTree = "<group>";
		};
		C4F8976629199B4C0053AF6F /* QuickRequests */ = {
			isa = PBXGroup;
			children = (
				C4F8976829199B760053AF6F /* ViewControllers */,
				C4F8976729199B5E0053AF6F /* Views */,
			);
			path = QuickRequests;
			sourceTree = "<group>";
		};
		C4F8976729199B5E0053AF6F /* Views */ = {
			isa = PBXGroup;
			children = (
				C4F8976929199E340053AF6F /* QuickRequestsTableViewCell.swift */,
				C44F6212291E7466006818C6 /* QuickRequestTableViewHeader.swift */,
				C4C093F329211B65001FD2AE /* CreateNewRequestStartHeaderCollectionView.swift */,
				C487FA7A292BD5B100C9805E /* CreateNewRequestAnotherHeadersCollectionView.swift */,
				C42D19AA2934E44B00624B91 /* CreateNewRequestFooterCollectionView.swift */,
				C42D19AC2934F3B700624B91 /* CreateNewRequestCollectionViewCell.swift */,
			);
			path = Views;
			sourceTree = "<group>";
		};
		C4F8976829199B760053AF6F /* ViewControllers */ = {
			isa = PBXGroup;
			children = (
				C4FEE94C290BFFB1000DAEE5 /* QuickRequestsViewController.swift */,
				C4C093F1292101DF001FD2AE /* CreateNewQuickRequestViewController.swift */,
			);
			path = ViewControllers;
			sourceTree = "<group>";
		};
		C4FEE94E290C34D3000DAEE5 /* TabBarItems */ = {
			isa = PBXGroup;
			children = (
				C4FEE948290BFEF3000DAEE5 /* SettingsViewController.swift */,
			);
			path = TabBarItems;
			sourceTree = "<group>";
		};
		F10DD9ACD6FE89EBAEEAF914 /* Frameworks */ = {
			isa = PBXGroup;
			children = (
				92C3A55BAA6D9AF84E77E448 /* Pods_HTTPRequester.framework */,
			);
			name = Frameworks;
			sourceTree = "<group>";
		};
/* End PBXGroup section */

/* Begin PBXNativeTarget section */
		C486F1C8290AB86E00398DDE /* HTTPRequester */ = {
			isa = PBXNativeTarget;
			buildConfigurationList = C486F1DD290AB86F00398DDE /* Build configuration list for PBXNativeTarget "HTTPRequester" */;
			buildPhases = (
				7225E8EC4AE1595F2201CA85 /* [CP] Check Pods Manifest.lock */,
				C417B1CC290DF659001C5F63 /* Run Script */,
				C486F1C5290AB86E00398DDE /* Sources */,
				C486F1C6290AB86E00398DDE /* Frameworks */,
				C486F1C7290AB86E00398DDE /* Resources */,
				950BE002EEC47E80475689CD /* [CP] Embed Pods Frameworks */,
			);
			buildRules = (
			);
			dependencies = (
			);
			name = HTTPRequester;
			productName = HTTPRequester;
			productReference = C486F1C9290AB86E00398DDE /* HTTPRequester.app */;
			productType = "com.apple.product-type.application";
		};
/* End PBXNativeTarget section */

/* Begin PBXProject section */
		C486F1C1290AB86E00398DDE /* Project object */ = {
			isa = PBXProject;
			attributes = {
				BuildIndependentTargetsInParallel = 1;
				LastSwiftUpdateCheck = 1400;
				LastUpgradeCheck = 1400;
				TargetAttributes = {
					C486F1C8290AB86E00398DDE = {
						CreatedOnToolsVersion = 14.0.1;
					};
				};
			};
			buildConfigurationList = C486F1C4290AB86E00398DDE /* Build configuration list for PBXProject "HTTPRequester" */;
			compatibilityVersion = "Xcode 13.0";
			developmentRegion = en;
			hasScannedForEncodings = 0;
			knownRegions = (
				en,
				Base,
			);
			mainGroup = C486F1C0290AB86E00398DDE;
			productRefGroup = C486F1CA290AB86E00398DDE /* Products */;
			projectDirPath = "";
			projectRoot = "";
			targets = (
				C486F1C8290AB86E00398DDE /* HTTPRequester */,
			);
		};
/* End PBXProject section */

/* Begin PBXResourcesBuildPhase section */
		C486F1C7290AB86E00398DDE /* Resources */ = {
			isa = PBXResourcesBuildPhase;
			buildActionMask = 2147483647;
			files = (
				C4724AC8290DF1B200775C22 /* Colors.xcassets in Resources */,
				C486F1D9290AB86F00398DDE /* LaunchScreen.storyboard in Resources */,
				C486F1D6290AB86F00398DDE /* Assets.xcassets in Resources */,
			);
			runOnlyForDeploymentPostprocessing = 0;
		};
/* End PBXResourcesBuildPhase section */

/* Begin PBXShellScriptBuildPhase section */
		7225E8EC4AE1595F2201CA85 /* [CP] Check Pods Manifest.lock */ = {
			isa = PBXShellScriptBuildPhase;
			buildActionMask = 2147483647;
			files = (
			);
			inputFileListPaths = (
			);
			inputPaths = (
				"${PODS_PODFILE_DIR_PATH}/Podfile.lock",
				"${PODS_ROOT}/Manifest.lock",
			);
			name = "[CP] Check Pods Manifest.lock";
			outputFileListPaths = (
			);
			outputPaths = (
				"$(DERIVED_FILE_DIR)/Pods-HTTPRequester-checkManifestLockResult.txt",
			);
			runOnlyForDeploymentPostprocessing = 0;
			shellPath = /bin/sh;
			shellScript = "diff \"${PODS_PODFILE_DIR_PATH}/Podfile.lock\" \"${PODS_ROOT}/Manifest.lock\" > /dev/null\nif [ $? != 0 ] ; then\n    # print error to STDERR\n    echo \"error: The sandbox is not in sync with the Podfile.lock. Run 'pod install' or update your CocoaPods installation.\" >&2\n    exit 1\nfi\n# This output is used by Xcode 'outputs' to avoid re-running this script phase.\necho \"SUCCESS\" > \"${SCRIPT_OUTPUT_FILE_0}\"\n";
			showEnvVarsInLog = 0;
		};
		950BE002EEC47E80475689CD /* [CP] Embed Pods Frameworks */ = {
			isa = PBXShellScriptBuildPhase;
			buildActionMask = 2147483647;
			files = (
			);
			inputFileListPaths = (
				"${PODS_ROOT}/Target Support Files/Pods-HTTPRequester/Pods-HTTPRequester-frameworks-${CONFIGURATION}-input-files.xcfilelist",
			);
			name = "[CP] Embed Pods Frameworks";
			outputFileListPaths = (
				"${PODS_ROOT}/Target Support Files/Pods-HTTPRequester/Pods-HTTPRequester-frameworks-${CONFIGURATION}-output-files.xcfilelist",
			);
			runOnlyForDeploymentPostprocessing = 0;
			shellPath = /bin/sh;
			shellScript = "\"${PODS_ROOT}/Target Support Files/Pods-HTTPRequester/Pods-HTTPRequester-frameworks.sh\"\n";
			showEnvVarsInLog = 0;
		};
		C417B1CC290DF659001C5F63 /* Run Script */ = {
			isa = PBXShellScriptBuildPhase;
			alwaysOutOfDate = 1;
			buildActionMask = 2147483647;
			files = (
			);
			inputFileListPaths = (
			);
			inputPaths = (
			);
			name = "Run Script";
			outputFileListPaths = (
			);
			outputPaths = (
				$SRCROOT/R.generated.swift,
			);
			runOnlyForDeploymentPostprocessing = 0;
			shellPath = /bin/sh;
			shellScript = "# Type a script or drag a script file from your workspace to insert its path.\n\"$PODS_ROOT/R.swift/rswift\" generate \"$SRCROOT/R.generated.swift\"\n";
		};
/* End PBXShellScriptBuildPhase section */

/* Begin PBXSourcesBuildPhase section */
		C486F1C5290AB86E00398DDE /* Sources */ = {
			isa = PBXSourcesBuildPhase;
			buildActionMask = 2147483647;
			files = (
				C486F1CD290AB86E00398DDE /* AppDelegate.swift in Sources */,
				C4FEE94B290BFF6B000DAEE5 /* ProjectsViewController.swift in Sources */,
				C417B1CE290DF7F9001C5F63 /* R.generated.swift in Sources */,
				C4F8976A29199E340053AF6F /* QuickRequestsTableViewCell.swift in Sources */,
				C417B1D1290DFA9B001C5F63 /* Project.swift in Sources */,
				C42D19AD2934F3B700624B91 /* CreateNewRequestCollectionViewCell.swift in Sources */,
				C44F6215291E77D9006818C6 /* Global.swift in Sources */,
				C4724ABD290DAA1900775C22 /* ProjectsModel.swift in Sources */,
				C4C093F2292101DF001FD2AE /* CreateNewQuickRequestViewController.swift in Sources */,
				C487FA7B292BD5B100C9805E /* CreateNewRequestAnotherHeadersCollectionView.swift in Sources */,
				C42D19AB2934E44B00624B91 /* CreateNewRequestFooterCollectionView.swift in Sources */,
				C4FEE94D290BFFB1000DAEE5 /* QuickRequestsViewController.swift in Sources */,
				C414B553290B149600664696 /* MainTabBarController.swift in Sources */,
				C486F1CF290AB86E00398DDE /* SceneDelegate.swift in Sources */,
				C4FEE949290BFEF3000DAEE5 /* SettingsViewController.swift in Sources */,
				C44F6213291E7466006818C6 /* QuickRequestTableViewHeader.swift in Sources */,
				C4C093F429211B65001FD2AE /* CreateNewRequestStartHeaderCollectionView.swift in Sources */,
				C4724AC5290DBC6400775C22 /* ProjectsTavleViewCell.swift in Sources */,
			);
			runOnlyForDeploymentPostprocessing = 0;
		};
/* End PBXSourcesBuildPhase section */

/* Begin PBXVariantGroup section */
		C486F1D7290AB86F00398DDE /* LaunchScreen.storyboard */ = {
			isa = PBXVariantGroup;
			children = (
				C486F1D8290AB86F00398DDE /* Base */,
			);
			name = LaunchScreen.storyboard;
			sourceTree = "<group>";
		};
/* End PBXVariantGroup section */

/* Begin XCBuildConfiguration section */
		C486F1DB290AB86F00398DDE /* Debug */ = {
			isa = XCBuildConfiguration;
			buildSettings = {
				ALWAYS_SEARCH_USER_PATHS = NO;
				CLANG_ANALYZER_NONNULL = YES;
				CLANG_ANALYZER_NUMBER_OBJECT_CONVERSION = YES_AGGRESSIVE;
				CLANG_CXX_LANGUAGE_STANDARD = "gnu++20";
				CLANG_ENABLE_MODULES = YES;
				CLANG_ENABLE_OBJC_ARC = YES;
				CLANG_ENABLE_OBJC_WEAK = YES;
				CLANG_WARN_BLOCK_CAPTURE_AUTORELEASING = YES;
				CLANG_WARN_BOOL_CONVERSION = YES;
				CLANG_WARN_COMMA = YES;
				CLANG_WARN_CONSTANT_CONVERSION = YES;
				CLANG_WARN_DEPRECATED_OBJC_IMPLEMENTATIONS = YES;
				CLANG_WARN_DIRECT_OBJC_ISA_USAGE = YES_ERROR;
				CLANG_WARN_DOCUMENTATION_COMMENTS = YES;
				CLANG_WARN_EMPTY_BODY = YES;
				CLANG_WARN_ENUM_CONVERSION = YES;
				CLANG_WARN_INFINITE_RECURSION = YES;
				CLANG_WARN_INT_CONVERSION = YES;
				CLANG_WARN_NON_LITERAL_NULL_CONVERSION = YES;
				CLANG_WARN_OBJC_IMPLICIT_RETAIN_SELF = YES;
				CLANG_WARN_OBJC_LITERAL_CONVERSION = YES;
				CLANG_WARN_OBJC_ROOT_CLASS = YES_ERROR;
				CLANG_WARN_QUOTED_INCLUDE_IN_FRAMEWORK_HEADER = YES;
				CLANG_WARN_RANGE_LOOP_ANALYSIS = YES;
				CLANG_WARN_STRICT_PROTOTYPES = YES;
				CLANG_WARN_SUSPICIOUS_MOVE = YES;
				CLANG_WARN_UNGUARDED_AVAILABILITY = YES_AGGRESSIVE;
				CLANG_WARN_UNREACHABLE_CODE = YES;
				CLANG_WARN__DUPLICATE_METHOD_MATCH = YES;
				COPY_PHASE_STRIP = NO;
				DEBUG_INFORMATION_FORMAT = dwarf;
				ENABLE_STRICT_OBJC_MSGSEND = YES;
				ENABLE_TESTABILITY = YES;
				GCC_C_LANGUAGE_STANDARD = gnu11;
				GCC_DYNAMIC_NO_PIC = NO;
				GCC_NO_COMMON_BLOCKS = YES;
				GCC_OPTIMIZATION_LEVEL = 0;
				GCC_PREPROCESSOR_DEFINITIONS = (
					"DEBUG=1",
					"$(inherited)",
				);
				GCC_WARN_64_TO_32_BIT_CONVERSION = YES;
				GCC_WARN_ABOUT_RETURN_TYPE = YES_ERROR;
				GCC_WARN_UNDECLARED_SELECTOR = YES;
				GCC_WARN_UNINITIALIZED_AUTOS = YES_AGGRESSIVE;
				GCC_WARN_UNUSED_FUNCTION = YES;
				GCC_WARN_UNUSED_VARIABLE = YES;
				IPHONEOS_DEPLOYMENT_TARGET = 15.0;
				MTL_ENABLE_DEBUG_INFO = INCLUDE_SOURCE;
				MTL_FAST_MATH = YES;
				ONLY_ACTIVE_ARCH = YES;
				SDKROOT = iphoneos;
				SWIFT_ACTIVE_COMPILATION_CONDITIONS = DEBUG;
				SWIFT_OPTIMIZATION_LEVEL = "-Onone";
			};
			name = Debug;
		};
		C486F1DC290AB86F00398DDE /* Release */ = {
			isa = XCBuildConfiguration;
			buildSettings = {
				ALWAYS_SEARCH_USER_PATHS = NO;
				CLANG_ANALYZER_NONNULL = YES;
				CLANG_ANALYZER_NUMBER_OBJECT_CONVERSION = YES_AGGRESSIVE;
				CLANG_CXX_LANGUAGE_STANDARD = "gnu++20";
				CLANG_ENABLE_MODULES = YES;
				CLANG_ENABLE_OBJC_ARC = YES;
				CLANG_ENABLE_OBJC_WEAK = YES;
				CLANG_WARN_BLOCK_CAPTURE_AUTORELEASING = YES;
				CLANG_WARN_BOOL_CONVERSION = YES;
				CLANG_WARN_COMMA = YES;
				CLANG_WARN_CONSTANT_CONVERSION = YES;
				CLANG_WARN_DEPRECATED_OBJC_IMPLEMENTATIONS = YES;
				CLANG_WARN_DIRECT_OBJC_ISA_USAGE = YES_ERROR;
				CLANG_WARN_DOCUMENTATION_COMMENTS = YES;
				CLANG_WARN_EMPTY_BODY = YES;
				CLANG_WARN_ENUM_CONVERSION = YES;
				CLANG_WARN_INFINITE_RECURSION = YES;
				CLANG_WARN_INT_CONVERSION = YES;
				CLANG_WARN_NON_LITERAL_NULL_CONVERSION = YES;
				CLANG_WARN_OBJC_IMPLICIT_RETAIN_SELF = YES;
				CLANG_WARN_OBJC_LITERAL_CONVERSION = YES;
				CLANG_WARN_OBJC_ROOT_CLASS = YES_ERROR;
				CLANG_WARN_QUOTED_INCLUDE_IN_FRAMEWORK_HEADER = YES;
				CLANG_WARN_RANGE_LOOP_ANALYSIS = YES;
				CLANG_WARN_STRICT_PROTOTYPES = YES;
				CLANG_WARN_SUSPICIOUS_MOVE = YES;
				CLANG_WARN_UNGUARDED_AVAILABILITY = YES_AGGRESSIVE;
				CLANG_WARN_UNREACHABLE_CODE = YES;
				CLANG_WARN__DUPLICATE_METHOD_MATCH = YES;
				COPY_PHASE_STRIP = NO;
				DEBUG_INFORMATION_FORMAT = "dwarf-with-dsym";
				ENABLE_NS_ASSERTIONS = NO;
				ENABLE_STRICT_OBJC_MSGSEND = YES;
				GCC_C_LANGUAGE_STANDARD = gnu11;
				GCC_NO_COMMON_BLOCKS = YES;
				GCC_WARN_64_TO_32_BIT_CONVERSION = YES;
				GCC_WARN_ABOUT_RETURN_TYPE = YES_ERROR;
				GCC_WARN_UNDECLARED_SELECTOR = YES;
				GCC_WARN_UNINITIALIZED_AUTOS = YES_AGGRESSIVE;
				GCC_WARN_UNUSED_FUNCTION = YES;
				GCC_WARN_UNUSED_VARIABLE = YES;
				IPHONEOS_DEPLOYMENT_TARGET = 15.0;
				MTL_ENABLE_DEBUG_INFO = NO;
				MTL_FAST_MATH = YES;
				SDKROOT = iphoneos;
				SWIFT_COMPILATION_MODE = wholemodule;
				SWIFT_OPTIMIZATION_LEVEL = "-O";
				VALIDATE_PRODUCT = YES;
			};
			name = Release;
		};
		C486F1DE290AB86F00398DDE /* Debug */ = {
			isa = XCBuildConfiguration;
			baseConfigurationReference = 0E7861C9EA7442D0917A35F1 /* Pods-HTTPRequester.debug.xcconfig */;
			buildSettings = {
				ASSETCATALOG_COMPILER_APPICON_NAME = AppIcon;
				ASSETCATALOG_COMPILER_GLOBAL_ACCENT_COLOR_NAME = AccentColor;
				CODE_SIGN_STYLE = Automatic;
				CURRENT_PROJECT_VERSION = 1;
				DEVELOPMENT_TEAM = RU9CMPCL3A;
				GENERATE_INFOPLIST_FILE = YES;
				INFOPLIST_FILE = HTTPRequester/Info.plist;
				INFOPLIST_KEY_LSApplicationCategoryType = "public.app-category.developer-tools";
				INFOPLIST_KEY_UIApplicationSupportsIndirectInputEvents = YES;
				INFOPLIST_KEY_UILaunchStoryboardName = LaunchScreen;
				INFOPLIST_KEY_UIMainStoryboardFile = "";
				INFOPLIST_KEY_UIStatusBarStyle = "";
				INFOPLIST_KEY_UISupportedInterfaceOrientations_iPad = "UIInterfaceOrientationPortrait UIInterfaceOrientationPortraitUpsideDown UIInterfaceOrientationLandscapeLeft UIInterfaceOrientationLandscapeRight";
				INFOPLIST_KEY_UISupportedInterfaceOrientations_iPhone = "UIInterfaceOrientationPortrait UIInterfaceOrientationLandscapeLeft UIInterfaceOrientationLandscapeRight";
				IPHONEOS_DEPLOYMENT_TARGET = 15.0;
				LD_RUNPATH_SEARCH_PATHS = (
					"$(inherited)",
					"@executable_path/Frameworks",
				);
				MARKETING_VERSION = 1.0;
				PRODUCT_BUNDLE_IDENTIFIER = spqtoo.com.HTTPRequester;
				PRODUCT_NAME = "$(TARGET_NAME)";
				SUPPORTED_PLATFORMS = "iphoneos iphonesimulator";
				SUPPORTS_MACCATALYST = NO;
				SUPPORTS_MAC_DESIGNED_FOR_IPHONE_IPAD = YES;
				SWIFT_EMIT_LOC_STRINGS = YES;
				SWIFT_VERSION = 5.0;
				TARGETED_DEVICE_FAMILY = 1;
			};
			name = Debug;
		};
		C486F1DF290AB86F00398DDE /* Release */ = {
			isa = XCBuildConfiguration;
			baseConfigurationReference = E180363A8496B1981AFDBA80 /* Pods-HTTPRequester.release.xcconfig */;
			buildSettings = {
				ASSETCATALOG_COMPILER_APPICON_NAME = AppIcon;
				ASSETCATALOG_COMPILER_GLOBAL_ACCENT_COLOR_NAME = AccentColor;
				CODE_SIGN_STYLE = Automatic;
				CURRENT_PROJECT_VERSION = 1;
				DEVELOPMENT_TEAM = RU9CMPCL3A;
				GENERATE_INFOPLIST_FILE = YES;
				INFOPLIST_FILE = HTTPRequester/Info.plist;
				INFOPLIST_KEY_LSApplicationCategoryType = "public.app-category.developer-tools";
				INFOPLIST_KEY_UIApplicationSupportsIndirectInputEvents = YES;
				INFOPLIST_KEY_UILaunchStoryboardName = LaunchScreen;
				INFOPLIST_KEY_UIMainStoryboardFile = "";
				INFOPLIST_KEY_UIStatusBarStyle = "";
				INFOPLIST_KEY_UISupportedInterfaceOrientations_iPad = "UIInterfaceOrientationPortrait UIInterfaceOrientationPortraitUpsideDown UIInterfaceOrientationLandscapeLeft UIInterfaceOrientationLandscapeRight";
				INFOPLIST_KEY_UISupportedInterfaceOrientations_iPhone = "UIInterfaceOrientationPortrait UIInterfaceOrientationLandscapeLeft UIInterfaceOrientationLandscapeRight";
				IPHONEOS_DEPLOYMENT_TARGET = 15.0;
				LD_RUNPATH_SEARCH_PATHS = (
					"$(inherited)",
					"@executable_path/Frameworks",
				);
				MARKETING_VERSION = 1.0;
				PRODUCT_BUNDLE_IDENTIFIER = spqtoo.com.HTTPRequester;
				PRODUCT_NAME = "$(TARGET_NAME)";
				SUPPORTED_PLATFORMS = "iphoneos iphonesimulator";
				SUPPORTS_MACCATALYST = NO;
				SUPPORTS_MAC_DESIGNED_FOR_IPHONE_IPAD = YES;
				SWIFT_EMIT_LOC_STRINGS = YES;
				SWIFT_VERSION = 5.0;
				TARGETED_DEVICE_FAMILY = 1;
			};
			name = Release;
		};
/* End XCBuildConfiguration section */

/* Begin XCConfigurationList section */
		C486F1C4290AB86E00398DDE /* Build configuration list for PBXProject "HTTPRequester" */ = {
			isa = XCConfigurationList;
			buildConfigurations = (
				C486F1DB290AB86F00398DDE /* Debug */,
				C486F1DC290AB86F00398DDE /* Release */,
			);
			defaultConfigurationIsVisible = 0;
			defaultConfigurationName = Release;
		};
		C486F1DD290AB86F00398DDE /* Build configuration list for PBXNativeTarget "HTTPRequester" */ = {
			isa = XCConfigurationList;
			buildConfigurations = (
				C486F1DE290AB86F00398DDE /* Debug */,
				C486F1DF290AB86F00398DDE /* Release */,
			);
			defaultConfigurationIsVisible = 0;
			defaultConfigurationName = Release;
		};
/* End XCConfigurationList section */
	};
	rootObject = C486F1C1290AB86E00398DDE /* Project object */;
}
